
Microsoft Visual Studio Solution File, Format Version 12.00
# Visual Studio Version 17
VisualStudioVersion = 17.5.33627.172
MinimumVisualStudioVersion = 10.0.40219.1
Project("{FAE04EC0-301F-11D3-BF4B-00C04F79EFBC}") = "Xhance", "Xhance.csproj", "{60083E33-053C-40B4-ADB3-E942D02FAA07}"
EndProject
Global
	GlobalSection(SolutionConfigurationPlatforms) = preSolution
		Debug|Any CPU = Debug|Any CPU
		Release|Any CPU = Release|Any CPU
	EndGlobalSection
	GlobalSection(ProjectConfigurationPlatforms) = postSolution
		{60083E33-053C-40B4-ADB3-E942D02FAA07}.Debug|Any CPU.ActiveCfg = Debug|Any CPU
		{60083E33-053C-40B4-ADB3-E942D02FAA07}.Debug|Any CPU.Build.0 = Debug|Any CPU
		{60083E33-053C-40B4-ADB3-E942D02FAA07}.Release|Any CPU.ActiveCfg = Release|Any CPU
		{60083E33-053C-40B4-ADB3-E942D02FAA07}.Release|Any CPU.Build.0 = Release|Any CPU
	EndGlobalSection
	GlobalSection(SolutionProperties) = preSolution
		HideSolutionNode = FALSE
	EndGlobalSection
	GlobalSection(ExtensibilityGlobals) = postSolution
		SolutionGuid = {6B76E4DD-4F74-4A8C-9584-7C2549C1EEA9}
	EndGlobalSection
EndGlobal
