
Microsoft Visual Studio Solution File, Format Version 12.00
# Visual Studio Version 17
VisualStudioVersion = 17.5.33627.172
MinimumVisualStudioVersion = 10.0.40219.1
Project("{9A19103F-16F7-4668-BE54-9A1E7A4F7556}") = "Enhance", "Enhance.csproj", "{7A37FDF6-567F-4D78-B775-61B6016DD879}"
EndProject
Global
	GlobalSection(SolutionConfigurationPlatforms) = preSolution
		Debug|Any CPU = Debug|Any CPU
		Release|Any CPU = Release|Any CPU
	EndGlobalSection
	GlobalSection(ProjectConfigurationPlatforms) = postSolution
		{7A37FDF6-567F-4D78-B775-61B6016DD879}.Debug|Any CPU.ActiveCfg = Debug|Any CPU
		{7A37FDF6-567F-4D78-B775-61B6016DD879}.Debug|Any CPU.Build.0 = Debug|Any CPU
		{7A37FDF6-567F-4D78-B775-61B6016DD879}.Release|Any CPU.ActiveCfg = Release|Any CPU
		{7A37FDF6-567F-4D78-B775-61B6016DD879}.Release|Any CPU.Build.0 = Release|Any CPU
	EndGlobalSection
	GlobalSection(SolutionProperties) = preSolution
		HideSolutionNode = FALSE
	EndGlobalSection
	GlobalSection(ExtensibilityGlobals) = postSolution
		SolutionGuid = {E26E4F32-956C-44DE-B6E4-500A1603B226}
	EndGlobalSection
EndGlobal
